
Microsoft Visual Studio Solution File, Format Version 12.00
# Visual Studio 2013
VisualStudioVersion = 12.0.30501.0
MinimumVisualStudioVersion = 10.0.40219.1
Project("{2150E333-8FDC-42A3-9474-1A3956D46DE8}") = "Task1", "Task1", "{9E7708DE-D5C1-4349-AAA0-A556676FE679}"
EndProject
Project("{FAE04EC0-301F-11D3-BF4B-00C04F79EFBC}") = "logic", "Task1\logic\logic.csproj", "{2451CC3E-CCEF-47E3-9FDB-63F7F3BEA725}"
EndProject
Project("{FAE04EC0-301F-11D3-BF4B-00C04F79EFBC}") = "ConsoleUI", "Task1\ConsoleUI\ConsoleUI.csproj", "{F72D24A6-6CC3-48A7-B3E3-3F18968FE92A}"
EndProject
Project("{2150E333-8FDC-42A3-9474-1A3956D46DE8}") = "Task2", "Task2", "{F064815A-C513-42CC-A711-2E0A185EBC14}"
EndProject
Project("{FAE04EC0-301F-11D3-BF4B-00C04F79EFBC}") = "logic", "Task2\logic\logic.csproj", "{928AF093-26AE-412E-8DCB-3BF25EFAD62D}"
EndProject
Project("{FAE04EC0-301F-11D3-BF4B-00C04F79EFBC}") = "UnitTestTask2", "Task2\UnitTestTask2\UnitTestTask2.csproj", "{A8EE3EFE-BC83-4391-975C-1DA1BDE62564}"
EndProject
Project("{FAE04EC0-301F-11D3-BF4B-00C04F79EFBC}") = "UnitTestTask1", "Task1\UnitTestTask1\UnitTestTask1.csproj", "{DF879A8D-1321-4DB1-A4E0-D12956C2D265}"
EndProject
Project("{2150E333-8FDC-42A3-9474-1A3956D46DE8}") = "Task3", "Task3", "{6DB2AE5C-C1F6-486E-9C9B-25F35660F372}"
EndProject
Project("{FAE04EC0-301F-11D3-BF4B-00C04F79EFBC}") = "Logic", "Task3\Logic\Logic.csproj", "{AC121CA8-0B57-4561-923F-7497D492B84D}"
EndProject
Project("{FAE04EC0-301F-11D3-BF4B-00C04F79EFBC}") = "UnitTestTask3", "Task3\UnitTestTask3\UnitTestTask3.csproj", "{A8661260-B0E2-4D49-A1DD-0F41BF99654B}"
EndProject
Global
	GlobalSection(SolutionConfigurationPlatforms) = preSolution
		Debug|Any CPU = Debug|Any CPU
		Release|Any CPU = Release|Any CPU
	EndGlobalSection
	GlobalSection(ProjectConfigurationPlatforms) = postSolution
		{2451CC3E-CCEF-47E3-9FDB-63F7F3BEA725}.Debug|Any CPU.ActiveCfg = Debug|Any CPU
		{2451CC3E-CCEF-47E3-9FDB-63F7F3BEA725}.Debug|Any CPU.Build.0 = Debug|Any CPU
		{2451CC3E-CCEF-47E3-9FDB-63F7F3BEA725}.Release|Any CPU.ActiveCfg = Release|Any CPU
		{2451CC3E-CCEF-47E3-9FDB-63F7F3BEA725}.Release|Any CPU.Build.0 = Release|Any CPU
		{F72D24A6-6CC3-48A7-B3E3-3F18968FE92A}.Debug|Any CPU.ActiveCfg = Debug|Any CPU
		{F72D24A6-6CC3-48A7-B3E3-3F18968FE92A}.Debug|Any CPU.Build.0 = Debug|Any CPU
		{F72D24A6-6CC3-48A7-B3E3-3F18968FE92A}.Release|Any CPU.ActiveCfg = Release|Any CPU
		{F72D24A6-6CC3-48A7-B3E3-3F18968FE92A}.Release|Any CPU.Build.0 = Release|Any CPU
		{928AF093-26AE-412E-8DCB-3BF25EFAD62D}.Debug|Any CPU.ActiveCfg = Debug|Any CPU
		{928AF093-26AE-412E-8DCB-3BF25EFAD62D}.Debug|Any CPU.Build.0 = Debug|Any CPU
		{928AF093-26AE-412E-8DCB-3BF25EFAD62D}.Release|Any CPU.ActiveCfg = Release|Any CPU
		{928AF093-26AE-412E-8DCB-3BF25EFAD62D}.Release|Any CPU.Build.0 = Release|Any CPU
		{A8EE3EFE-BC83-4391-975C-1DA1BDE62564}.Debug|Any CPU.ActiveCfg = Debug|Any CPU
		{A8EE3EFE-BC83-4391-975C-1DA1BDE62564}.Debug|Any CPU.Build.0 = Debug|Any CPU
		{A8EE3EFE-BC83-4391-975C-1DA1BDE62564}.Release|Any CPU.ActiveCfg = Release|Any CPU
		{A8EE3EFE-BC83-4391-975C-1DA1BDE62564}.Release|Any CPU.Build.0 = Release|Any CPU
		{DF879A8D-1321-4DB1-A4E0-D12956C2D265}.Debug|Any CPU.ActiveCfg = Debug|Any CPU
		{DF879A8D-1321-4DB1-A4E0-D12956C2D265}.Debug|Any CPU.Build.0 = Debug|Any CPU
		{DF879A8D-1321-4DB1-A4E0-D12956C2D265}.Release|Any CPU.ActiveCfg = Release|Any CPU
		{DF879A8D-1321-4DB1-A4E0-D12956C2D265}.Release|Any CPU.Build.0 = Release|Any CPU
		{AC121CA8-0B57-4561-923F-7497D492B84D}.Debug|Any CPU.ActiveCfg = Debug|Any CPU
		{AC121CA8-0B57-4561-923F-7497D492B84D}.Debug|Any CPU.Build.0 = Debug|Any CPU
		{AC121CA8-0B57-4561-923F-7497D492B84D}.Release|Any CPU.ActiveCfg = Release|Any CPU
		{AC121CA8-0B57-4561-923F-7497D492B84D}.Release|Any CPU.Build.0 = Release|Any CPU
		{A8661260-B0E2-4D49-A1DD-0F41BF99654B}.Debug|Any CPU.ActiveCfg = Debug|Any CPU
		{A8661260-B0E2-4D49-A1DD-0F41BF99654B}.Debug|Any CPU.Build.0 = Debug|Any CPU
		{A8661260-B0E2-4D49-A1DD-0F41BF99654B}.Release|Any CPU.ActiveCfg = Release|Any CPU
		{A8661260-B0E2-4D49-A1DD-0F41BF99654B}.Release|Any CPU.Build.0 = Release|Any CPU
	EndGlobalSection
	GlobalSection(SolutionProperties) = preSolution
		HideSolutionNode = FALSE
	EndGlobalSection
	GlobalSection(NestedProjects) = preSolution
		{2451CC3E-CCEF-47E3-9FDB-63F7F3BEA725} = {9E7708DE-D5C1-4349-AAA0-A556676FE679}
		{F72D24A6-6CC3-48A7-B3E3-3F18968FE92A} = {9E7708DE-D5C1-4349-AAA0-A556676FE679}
		{928AF093-26AE-412E-8DCB-3BF25EFAD62D} = {F064815A-C513-42CC-A711-2E0A185EBC14}
		{A8EE3EFE-BC83-4391-975C-1DA1BDE62564} = {F064815A-C513-42CC-A711-2E0A185EBC14}
		{DF879A8D-1321-4DB1-A4E0-D12956C2D265} = {9E7708DE-D5C1-4349-AAA0-A556676FE679}
		{AC121CA8-0B57-4561-923F-7497D492B84D} = {6DB2AE5C-C1F6-486E-9C9B-25F35660F372}
		{A8661260-B0E2-4D49-A1DD-0F41BF99654B} = {6DB2AE5C-C1F6-486E-9C9B-25F35660F372}
	EndGlobalSection
EndGlobal
